<?xml version="1.0" encoding="utf-8"?>
<Project ToolsVersion="4.0" xmlns="http://schemas.microsoft.com/developer/msbuild/2003">
  <ItemGroup>
    <Filter Include="Source Files">
      <UniqueIdentifier>{4FC737F1-C7A5-4376-A066-2A32D752A2FF}</UniqueIdentifier>
      <Extensions>cpp;c;cc;cxx;c++;cppm;ixx;def;odl;idl;hpj;bat;asm;asmx</Extensions>
    </Filter>
    <Filter Include="Header Files">
      <UniqueIdentifier>{93995380-89BD-4b04-88EB-625FBE52EBFB}</UniqueIdentifier>
      <Extensions>h;hh;hpp;hxx;h++;hm;inl;inc;ipp;xsd</Extensions>
    </Filter>
    <Filter Include="Resource Files">
      <UniqueIdentifier>{67DA6AB6-F800-4c08-8B7A-83BB121AAD01}</UniqueIdentifier>
      <Extensions>rc;ico;cur;bmp;dlg;rc2;rct;bin;rgs;gif;jpg;jpeg;jpe;resx;tiff;tif;png;wav;mfcribbon-ms</Extensions>
    </Filter>
  </ItemGroup>
  <ItemGroup>
    <ClInclude Include="include\Building\Base.hpp">
      <Filter>Header Files</Filter>
    </ClInclude>
    <ClInclude Include="include\Building\Building.hpp">
      <Filter>Header Files</Filter>
    </ClInclude>
    <ClInclude Include="include\Building\Cannon.hpp">
      <Filter>Header Files</Filter>
    </ClInclude>
    <ClInclude Include="include\Building\Factory.hpp">
      <Filter>Header Files</Filter>
    </ClInclude>
    <ClInclude Include="include\Building\Mine.hpp">
      <Filter>Header Files</Filter>
    </ClInclude>
    <ClInclude Include="include\Bullet\Bullet.hpp">
      <Filter>Header Files</Filter>
    </ClInclude>
    <ClInclude Include="include\Bullet\Bullets.hpp">
      <Filter>Header Files</Filter>
    </ClInclude>
    <ClInclude Include="include\Bullet\CannonBall.hpp">
      <Filter>Header Files</Filter>
    </ClInclude>
    <ClInclude Include="include\Bullet\CannonBalls.hpp">
      <Filter>Header Files</Filter>
    </ClInclude>
    <ClInclude Include="include\Can\CanDamage.hpp">
      <Filter>Header Files</Filter>
    </ClInclude>
    <ClInclude Include="include\Can\CanHaveHp.hpp">
      <Filter>Header Files</Filter>
    </ClInclude>
    <ClInclude Include="include\Can\CanMove.hpp">
      <Filter>Header Files</Filter>
    </ClInclude>
    <ClInclude Include="include\Can\CanStore.hpp">
      <Filter>Header Files</Filter>
    </ClInclude>
    <ClInclude Include="include\Enemy\CasualEnemy.hpp">
      <Filter>Header Files</Filter>
    </ClInclude>
    <ClInclude Include="include\Enemy\Enemies.hpp">
      <Filter>Header Files</Filter>
    </ClInclude>
    <ClInclude Include="include\Enemy\Enemy.hpp">
      <Filter>Header Files</Filter>
    </ClInclude>
    <ClInclude Include="include\Field\EmptyFieldCell.hpp">
      <Filter>Header Files</Filter>
    </ClInclude>
    <ClInclude Include="include\Field\Field.hpp">
      <Filter>Header Files</Filter>
    </ClInclude>
    <ClInclude Include="include\Field\FieldCell.hpp">
      <Filter>Header Files</Filter>
    </ClInclude>
    <ClInclude Include="include\Field\PathSearchField.hpp">
      <Filter>Header Files</Filter>
    </ClInclude>
    <ClInclude Include="include\Field\Road.hpp">
      <Filter>Header Files</Filter>
    </ClInclude>
    <ClInclude Include="include\Resource\Crystal.hpp">
      <Filter>Header Files</Filter>
    </ClInclude>
    <ClInclude Include="include\Resource\Iron.hpp">
      <Filter>Header Files</Filter>
    </ClInclude>
    <ClInclude Include="include\Resource\Resource.hpp">
      <Filter>Header Files</Filter>
    </ClInclude>
    <ClInclude Include="include\Resource\ResourceBall.hpp">
      <Filter>Header Files</Filter>
    </ClInclude>
    <ClInclude Include="include\Resource\ResourceBalls.hpp">
      <Filter>Header Files</Filter>
    </ClInclude>
    <ClInclude Include="include\Resource\Wood.hpp">
      <Filter>Header Files</Filter>
    </ClInclude>
    <ClInclude Include="include\Algorithms.hpp">
      <Filter>Header Files</Filter>
    </ClInclude>
    <ClInclude Include="include\Clock.hpp">
      <Filter>Header Files</Filter>
    </ClInclude>
    <ClInclude Include="include\Drawable.hpp">
      <Filter>Header Files</Filter>
    </ClInclude>
    <ClInclude Include="include\Game.hpp">
      <Filter>Header Files</Filter>
    </ClInclude>
    <ClInclude Include="include\GameElements.hpp">
      <Filter>Header Files</Filter>
    </ClInclude>
    <ClInclude Include="include\Input.hpp">
      <Filter>Header Files</Filter>
    </ClInclude>
    <ClInclude Include="include\Interface.hpp">
      <Filter>Header Files</Filter>
    </ClInclude>
    <ClInclude Include="include\ValuesAndTypes.hpp">
      <Filter>Header Files</Filter>
    </ClInclude>
  </ItemGroup>
  <ItemGroup>
    <ClCompile Include="src\Building\Base.cpp">
      <Filter>Source Files</Filter>
    </ClCompile>
    <ClCompile Include="src\Building\Building.cpp">
      <Filter>Source Files</Filter>
    </ClCompile>
    <ClCompile Include="src\Building\Cannon.cpp">
      <Filter>Source Files</Filter>
    </ClCompile>
    <ClCompile Include="src\Building\Mine.cpp">
      <Filter>Source Files</Filter>
    </ClCompile>
    <ClCompile Include="src\Bullet\Bullet.cpp">
      <Filter>Source Files</Filter>
    </ClCompile>
    <ClCompile Include="src\Bullet\Bullets.cpp">
      <Filter>Source Files</Filter>
    </ClCompile>
    <ClCompile Include="src\Bullet\CannonBall.cpp">
      <Filter>Source Files</Filter>
    </ClCompile>
    <ClCompile Include="src\Bullet\CannonBalls.cpp">
      <Filter>Source Files</Filter>
    </ClCompile>
    <ClCompile Include="src\Can\CanDamage.cpp">
      <Filter>Source Files</Filter>
    </ClCompile>
    <ClCompile Include="src\Can\CanHaveHp.cpp">
      <Filter>Source Files</Filter>
    </ClCompile>
    <ClCompile Include="src\Can\CanMove.cpp">
      <Filter>Source Files</Filter>
    </ClCompile>
    <ClCompile Include="src\Can\CanStore.cpp">
      <Filter>Source Files</Filter>
    </ClCompile>
    <ClCompile Include="src\Enemy\CasualEnemy.cpp">
      <Filter>Source Files</Filter>
    </ClCompile>
    <ClCompile Include="src\Enemy\Enemies.cpp">
      <Filter>Source Files</Filter>
    </ClCompile>
    <ClCompile Include="src\Enemy\Enemy.cpp">
      <Filter>Source Files</Filter>
    </ClCompile>
    <ClCompile Include="src\Field\EmptyFieldCell.cpp">
      <Filter>Source Files</Filter>
    </ClCompile>
    <ClCompile Include="src\Field\Field.cpp">
      <Filter>Source Files</Filter>
    </ClCompile>
    <ClCompile Include="src\Field\FieldCell.cpp">
      <Filter>Source Files</Filter>
    </ClCompile>
    <ClCompile Include="src\Field\PathSearchField.cpp">
      <Filter>Source Files</Filter>
    </ClCompile>
    <ClCompile Include="src\Field\Road.cpp">
      <Filter>Source Files</Filter>
    </ClCompile>
    <ClCompile Include="src\Resource\Crystal.cpp">
      <Filter>Source Files</Filter>
    </ClCompile>
    <ClCompile Include="src\Resource\Iron.cpp">
      <Filter>Source Files</Filter>
    </ClCompile>
    <ClCompile Include="src\Resource\Resource.cpp">
      <Filter>Source Files</Filter>
    </ClCompile>
    <ClCompile Include="src\Resource\ResourceBall.cpp">
      <Filter>Source Files</Filter>
    </ClCompile>
    <ClCompile Include="src\Resource\ResourceBalls.cpp">
      <Filter>Source Files</Filter>
    </ClCompile>
    <ClCompile Include="src\Resource\Wood.cpp">
      <Filter>Source Files</Filter>
    </ClCompile>
    <ClCompile Include="src\Algorithms.cpp">
      <Filter>Source Files</Filter>
    </ClCompile>
    <ClCompile Include="src\Clock.cpp">
      <Filter>Source Files</Filter>
    </ClCompile>
    <ClCompile Include="src\Game.cpp">
      <Filter>Source Files</Filter>
    </ClCompile>
    <ClCompile Include="src\GameElements.cpp">
      <Filter>Source Files</Filter>
    </ClCompile>
    <ClCompile Include="src\Input.cpp">
      <Filter>Source Files</Filter>
    </ClCompile>
    <ClCompile Include="src\Interface.cpp">
      <Filter>Source Files</Filter>
    </ClCompile>
    <ClCompile Include="src\main.cpp">
      <Filter>Source Files</Filter>
    </ClCompile>
    <ClCompile Include="src\ValuesAndTypes.cpp">
      <Filter>Source Files</Filter>
    </ClCompile>
  </ItemGroup>
  <ItemGroup>
    <None Include=".gitignore" />
    <None Include="LICENSE" />
    <None Include="README.md" />
  </ItemGroup>
</Project>